<?xml version="1.0" encoding="utf-8"?>
<Project ToolsVersion="4.0" xmlns="http://schemas.microsoft.com/developer/msbuild/2003">
  <ItemGroup>
    <Filter Include="源文件">
      <UniqueIdentifier>{4FC737F1-C7A5-4376-A066-2A32D752A2FF}</UniqueIdentifier>
      <Extensions>cpp;c;cc;cxx;def;odl;idl;hpj;bat;asm;asmx</Extensions>
    </Filter>
    <Filter Include="头文件">
      <UniqueIdentifier>{93995380-89BD-4b04-88EB-625FBE52EBFB}</UniqueIdentifier>
      <Extensions>h;hh;hpp;hxx;hm;inl;inc;xsd</Extensions>
    </Filter>
    <Filter Include="资源文件">
      <UniqueIdentifier>{67DA6AB6-F800-4c08-8B7A-83BB121AAD01}</UniqueIdentifier>
      <Extensions>rc;ico;cur;bmp;dlg;rc2;rct;bin;rgs;gif;jpg;jpeg;jpe;resx;tiff;tif;png;wav;mfcribbon-ms</Extensions>
    </Filter>
  </ItemGroup>
  <ItemGroup>
    <Text Include="ReadMe.txt" />
  </ItemGroup>
  <ItemGroup>
    <ClInclude Include="StudentManageSys.h">
      <Filter>头文件</Filter>
    </ClInclude>
    <ClInclude Include="stdafx.h">
      <Filter>头文件</Filter>
    </ClInclude>
    <ClInclude Include="targetver.h">
      <Filter>头文件</Filter>
    </ClInclude>
    <ClInclude Include="MainFrm.h">
      <Filter>头文件</Filter>
    </ClInclude>
    <ClInclude Include="StudentManageSysDoc.h">
      <Filter>头文件</Filter>
    </ClInclude>
    <ClInclude Include="StudentManageSysView.h">
      <Filter>头文件</Filter>
    </ClInclude>
    <ClInclude Include="Resource.h">
      <Filter>头文件</Filter>
    </ClInclude>
    <ClInclude Include="Stu_Login.h">
      <Filter>头文件</Filter>
    </ClInclude>
    <ClInclude Include="Register.h">
      <Filter>头文件</Filter>
    </ClInclude>
    <ClInclude Include="Function.h">
      <Filter>头文件</Filter>
    </ClInclude>
    <ClInclude Include="FindPasswd.h">
      <Filter>头文件</Filter>
    </ClInclude>
    <ClInclude Include="Logining.h">
      <Filter>头文件</Filter>
    </ClInclude>
    <ClInclude Include="ListBox.h">
      <Filter>头文件</Filter>
    </ClInclude>
    <ClInclude Include="Search_StuInfo.h">
      <Filter>头文件</Filter>
    </ClInclude>
    <ClInclude Include="Stu_Info.h">
      <Filter>头文件</Filter>
    </ClInclude>
    <ClInclude Include="SetUser.h">
      <Filter>头文件</Filter>
    </ClInclude>
    <ClInclude Include="Confirm.h">
      <Filter>头文件</Filter>
    </ClInclude>
    <ClInclude Include="ModifyPasswd.h">
      <Filter>头文件</Filter>
    </ClInclude>
    <ClInclude Include="Base_Info.h">
      <Filter>头文件</Filter>
    </ClInclude>
    <ClInclude Include="Choose.h">
      <Filter>头文件</Filter>
    </ClInclude>
    <ClInclude Include="Select.h">
      <Filter>头文件</Filter>
    </ClInclude>
    <ClInclude Include="Search_Score.h">
      <Filter>头文件</Filter>
    </ClInclude>
    <ClInclude Include="Insert_score.h">
      <Filter>头文件</Filter>
    </ClInclude>
    <ClInclude Include="Search_StuScore.h">
      <Filter>头文件</Filter>
    </ClInclude>
    <ClInclude Include="Score_Scope.h">
      <Filter>头文件</Filter>
    </ClInclude>
  </ItemGroup>
  <ItemGroup>
    <ClCompile Include="StudentManageSys.cpp">
      <Filter>源文件</Filter>
    </ClCompile>
    <ClCompile Include="stdafx.cpp">
      <Filter>源文件</Filter>
    </ClCompile>
    <ClCompile Include="MainFrm.cpp">
      <Filter>源文件</Filter>
    </ClCompile>
    <ClCompile Include="StudentManageSysDoc.cpp">
      <Filter>源文件</Filter>
    </ClCompile>
    <ClCompile Include="StudentManageSysView.cpp">
      <Filter>源文件</Filter>
    </ClCompile>
    <ClCompile Include="Stu_Login.cpp">
      <Filter>源文件</Filter>
    </ClCompile>
    <ClCompile Include="Register.cpp">
      <Filter>源文件</Filter>
    </ClCompile>
    <ClCompile Include="Function.cpp">
      <Filter>源文件</Filter>
    </ClCompile>
    <ClCompile Include="FindPasswd.cpp">
      <Filter>源文件</Filter>
    </ClCompile>
    <ClCompile Include="Logining.cpp">
      <Filter>源文件</Filter>
    </ClCompile>
    <ClCompile Include="ListBox.cpp">
      <Filter>源文件</Filter>
    </ClCompile>
    <ClCompile Include="Search_StuInfo.cpp">
      <Filter>源文件</Filter>
    </ClCompile>
    <ClCompile Include="Stu_Info.cpp">
      <Filter>源文件</Filter>
    </ClCompile>
    <ClCompile Include="SetUser.cpp">
      <Filter>源文件</Filter>
    </ClCompile>
    <ClCompile Include="Confirm.cpp">
      <Filter>源文件</Filter>
    </ClCompile>
    <ClCompile Include="ModifyPasswd.cpp">
      <Filter>源文件</Filter>
    </ClCompile>
    <ClCompile Include="Base_Info.cpp">
      <Filter>源文件</Filter>
    </ClCompile>
    <ClCompile Include="Choose.cpp">
      <Filter>源文件</Filter>
    </ClCompile>
    <ClCompile Include="Select.cpp">
      <Filter>源文件</Filter>
    </ClCompile>
    <ClCompile Include="Search_Score.cpp">
      <Filter>源文件</Filter>
    </ClCompile>
    <ClCompile Include="Insert_score.cpp">
      <Filter>源文件</Filter>
    </ClCompile>
    <ClCompile Include="Search_StuScore.cpp">
      <Filter>源文件</Filter>
    </ClCompile>
    <ClCompile Include="Score_Scope.cpp">
      <Filter>源文件</Filter>
    </ClCompile>
  </ItemGroup>
  <ItemGroup>
    <ResourceCompile Include="StudentManageSys.rc">
      <Filter>资源文件</Filter>
    </ResourceCompile>
  </ItemGroup>
  <ItemGroup>
    <None Include="res\StudentManageSys.rc2">
      <Filter>资源文件</Filter>
    </None>
  </ItemGroup>
  <ItemGroup>
    <Image Include="res\StudentManageSysDoc.ico">
      <Filter>资源文件</Filter>
    </Image>
    <Image Include="res\StudentManageSys.ico">
      <Filter>资源文件</Filter>
    </Image>
    <Image Include="res\Toolbar.bmp">
      <Filter>资源文件</Filter>
    </Image>
    <Image Include="res\未标题-1.bmp">
      <Filter>资源文件</Filter>
    </Image>
    <Image Include="res\Back.bmp">
      <Filter>资源文件</Filter>
    </Image>
    <Image Include="res\bitmap3.bmp">
      <Filter>资源文件</Filter>
    </Image>
    <Image Include="res\Login1.bmp">
      <Filter>资源文件</Filter>
    </Image>
    <Image Include="res\bitmap4.bmp">
      <Filter>资源文件</Filter>
    </Image>
    <Image Include="res\Register1.bmp">
      <Filter>资源文件</Filter>
    </Image>
    <Image Include="res\bitmap5.bmp">
      <Filter>资源文件</Filter>
    </Image>
    <Image Include="res\Search1.bmp">
      <Filter>资源文件</Filter>
    </Image>
    <Image Include="..\..\..\Documents\Visual Studio 2013\Projects\StudentManageSys\StudentManageSys\res\Back.bmp">
      <Filter>资源文件</Filter>
    </Image>
    <Image Include="res\icon1.ico">
      <Filter>资源文件</Filter>
    </Image>
    <Image Include="res\Stu_Info.bmp">
      <Filter>资源文件</Filter>
    </Image>
    <Image Include="res\SetUser.bmp">
      <Filter>资源文件</Filter>
    </Image>
    <Image Include="res\confirm.bmp">
      <Filter>资源文件</Filter>
    </Image>
    <Image Include="res\Select_stu.bmp">
      <Filter>资源文件</Filter>
    </Image>
    <Image Include="res\ModifyPasswd.bmp">
      <Filter>资源文件</Filter>
    </Image>
  </ItemGroup>
</Project>